// !$*UTF8*$!
{
	archiveVersion = 1;
	classes = {
	};
	objectVersion = 50;
	objects = {

/* Begin PBXBuildFile section */
		993B1DFF2366AE6100DDD7AD /* Promotion.swift in Sources */ = {isa = PBXBuildFile; fileRef = 993B1DFE2366AE6100DDD7AD /* Promotion.swift */; };
		994DBC1E233C7740004A24CF /* AppDelegate.swift in Sources */ = {isa = PBXBuildFile; fileRef = 994DBC1D233C7740004A24CF /* AppDelegate.swift */; };
		994DBC20233C7740004A24CF /* GuideViewController.swift in Sources */ = {isa = PBXBuildFile; fileRef = 994DBC1F233C7740004A24CF /* GuideViewController.swift */; };
		994DBC23233C7740004A24CF /* Main.storyboard in Resources */ = {isa = PBXBuildFile; fileRef = 994DBC21233C7740004A24CF /* Main.storyboard */; };
		994DBC28233C7742004A24CF /* LaunchScreen.storyboard in Resources */ = {isa = PBXBuildFile; fileRef = 994DBC26233C7742004A24CF /* LaunchScreen.storyboard */; };
		994DBC30233C8C70004A24CF /* PageCell.swift in Sources */ = {isa = PBXBuildFile; fileRef = 994DBC2F233C8C70004A24CF /* PageCell.swift */; };
		994DBC32233DA0FA004A24CF /* Page.swift in Sources */ = {isa = PBXBuildFile; fileRef = 994DBC31233DA0FA004A24CF /* Page.swift */; };
		9970B139237B64EA009BD17E /* Restaurant.swift in Sources */ = {isa = PBXBuildFile; fileRef = 9970B138237B64EA009BD17E /* Restaurant.swift */; };
		9970B13B237B68F9009BD17E /* PromotionDetailController.swift in Sources */ = {isa = PBXBuildFile; fileRef = 9970B13A237B68F9009BD17E /* PromotionDetailController.swift */; };
		99CFFC77236FF07B005B31CC /* UserViewModel.swift in Sources */ = {isa = PBXBuildFile; fileRef = 99CFFC76236FF07B005B31CC /* UserViewModel.swift */; };
		99D871D8234A91F0005B9B41 /* Extensions.swift in Sources */ = {isa = PBXBuildFile; fileRef = 99D871D7234A91F0005B9B41 /* Extensions.swift */; };
		99D871DA234AA900005B9B41 /* Constants.swift in Sources */ = {isa = PBXBuildFile; fileRef = 99D871D9234AA900005B9B41 /* Constants.swift */; };
		99D871DC234AD5F2005B9B41 /* LoginCell.swift in Sources */ = {isa = PBXBuildFile; fileRef = 99D871DB234AD5F2005B9B41 /* LoginCell.swift */; };
		99D871DE234AE2BE005B9B41 /* LoginViewController.swift in Sources */ = {isa = PBXBuildFile; fileRef = 99D871DD234AE2BE005B9B41 /* LoginViewController.swift */; };
		99D871E0234B0A19005B9B41 /* Images.xcassets in Resources */ = {isa = PBXBuildFile; fileRef = 99D871DF234B0A19005B9B41 /* Images.xcassets */; };
		99D871E2234B1343005B9B41 /* SignupCell.xib in Resources */ = {isa = PBXBuildFile; fileRef = 99D871E1234B1343005B9B41 /* SignupCell.xib */; };
		99D871E4234B145F005B9B41 /* SignupCell.swift in Sources */ = {isa = PBXBuildFile; fileRef = 99D871E3234B145F005B9B41 /* SignupCell.swift */; };
		99D871E6234B2627005B9B41 /* FeedController.swift in Sources */ = {isa = PBXBuildFile; fileRef = 99D871E5234B2627005B9B41 /* FeedController.swift */; };
		99D871E9234B2773005B9B41 /* FeedPromoCellTableViewCell.swift in Sources */ = {isa = PBXBuildFile; fileRef = 99D871E7234B2773005B9B41 /* FeedPromoCellTableViewCell.swift */; };
		99D871EA234B2773005B9B41 /* FeedPromoCellTableViewCell.xib in Resources */ = {isa = PBXBuildFile; fileRef = 99D871E8234B2773005B9B41 /* FeedPromoCellTableViewCell.xib */; };
		99E226F52356E01000BA0390 /* UserCouponTableViewCell.swift in Sources */ = {isa = PBXBuildFile; fileRef = 99E226F32356E01000BA0390 /* UserCouponTableViewCell.swift */; };
		99E226F62356E01000BA0390 /* UserCouponTableViewCell.xib in Resources */ = {isa = PBXBuildFile; fileRef = 99E226F42356E01000BA0390 /* UserCouponTableViewCell.xib */; };
		99E8DE8123530B7C004DE2B6 /* ProfileController.swift in Sources */ = {isa = PBXBuildFile; fileRef = 99E8DE8023530B7C004DE2B6 /* ProfileController.swift */; };
		99E8DE832353124B004DE2B6 /* UserCouponsController.swift in Sources */ = {isa = PBXBuildFile; fileRef = 99E8DE822353124B004DE2B6 /* UserCouponsController.swift */; };
		99E8DE8523542B65004DE2B6 /* User.swift in Sources */ = {isa = PBXBuildFile; fileRef = 99E8DE8423542B65004DE2B6 /* User.swift */; };
		99E8DE8723542BAC004DE2B6 /* Coupons.swift in Sources */ = {isa = PBXBuildFile; fileRef = 99E8DE8623542BAC004DE2B6 /* Coupons.swift */; };
		99F11EB3236E9B8A005385A4 /* PromotionViewModel.swift in Sources */ = {isa = PBXBuildFile; fileRef = 99F11EB2236E9B8A005385A4 /* PromotionViewModel.swift */; };
/* End PBXBuildFile section */

/* Begin PBXFileReference section */
		993B1DFE2366AE6100DDD7AD /* Promotion.swift */ = {isa = PBXFileReference; lastKnownFileType = sourcecode.swift; path = Promotion.swift; sourceTree = "<group>"; };
		994DBC1A233C7740004A24CF /* kupai.app */ = {isa = PBXFileReference; explicitFileType = wrapper.application; includeInIndex = 0; path = kupai.app; sourceTree = BUILT_PRODUCTS_DIR; };
		994DBC1D233C7740004A24CF /* AppDelegate.swift */ = {isa = PBXFileReference; lastKnownFileType = sourcecode.swift; path = AppDelegate.swift; sourceTree = "<group>"; };
		994DBC1F233C7740004A24CF /* GuideViewController.swift */ = {isa = PBXFileReference; lastKnownFileType = sourcecode.swift; path = GuideViewController.swift; sourceTree = "<group>"; };
		994DBC22233C7740004A24CF /* Base */ = {isa = PBXFileReference; lastKnownFileType = file.storyboard; name = Base; path = Base.lproj/Main.storyboard; sourceTree = "<group>"; };
		994DBC27233C7742004A24CF /* Base */ = {isa = PBXFileReference; lastKnownFileType = file.storyboard; name = Base; path = Base.lproj/LaunchScreen.storyboard; sourceTree = "<group>"; };
		994DBC29233C7742004A24CF /* Info.plist */ = {isa = PBXFileReference; lastKnownFileType = text.plist.xml; path = Info.plist; sourceTree = "<group>"; };
		994DBC2F233C8C70004A24CF /* PageCell.swift */ = {isa = PBXFileReference; lastKnownFileType = sourcecode.swift; path = PageCell.swift; sourceTree = "<group>"; };
		994DBC31233DA0FA004A24CF /* Page.swift */ = {isa = PBXFileReference; lastKnownFileType = sourcecode.swift; path = Page.swift; sourceTree = "<group>"; };
		9970B138237B64EA009BD17E /* Restaurant.swift */ = {isa = PBXFileReference; lastKnownFileType = sourcecode.swift; path = Restaurant.swift; sourceTree = "<group>"; };
		9970B13A237B68F9009BD17E /* PromotionDetailController.swift */ = {isa = PBXFileReference; lastKnownFileType = sourcecode.swift; path = PromotionDetailController.swift; sourceTree = "<group>"; };
		99CFFC76236FF07B005B31CC /* UserViewModel.swift */ = {isa = PBXFileReference; lastKnownFileType = sourcecode.swift; path = UserViewModel.swift; sourceTree = "<group>"; };
		99D871D7234A91F0005B9B41 /* Extensions.swift */ = {isa = PBXFileReference; lastKnownFileType = sourcecode.swift; path = Extensions.swift; sourceTree = "<group>"; };
		99D871D9234AA900005B9B41 /* Constants.swift */ = {isa = PBXFileReference; lastKnownFileType = sourcecode.swift; path = Constants.swift; sourceTree = "<group>"; };
		99D871DB234AD5F2005B9B41 /* LoginCell.swift */ = {isa = PBXFileReference; lastKnownFileType = sourcecode.swift; path = LoginCell.swift; sourceTree = "<group>"; };
		99D871DD234AE2BE005B9B41 /* LoginViewController.swift */ = {isa = PBXFileReference; lastKnownFileType = sourcecode.swift; path = LoginViewController.swift; sourceTree = "<group>"; };
		99D871DF234B0A19005B9B41 /* Images.xcassets */ = {isa = PBXFileReference; lastKnownFileType = folder.assetcatalog; path = Images.xcassets; sourceTree = "<group>"; };
		99D871E1234B1343005B9B41 /* SignupCell.xib */ = {isa = PBXFileReference; lastKnownFileType = file.xib; path = SignupCell.xib; sourceTree = "<group>"; };
		99D871E3234B145F005B9B41 /* SignupCell.swift */ = {isa = PBXFileReference; lastKnownFileType = sourcecode.swift; path = SignupCell.swift; sourceTree = "<group>"; };
		99D871E5234B2627005B9B41 /* FeedController.swift */ = {isa = PBXFileReference; lastKnownFileType = sourcecode.swift; path = FeedController.swift; sourceTree = "<group>"; };
		99D871E7234B2773005B9B41 /* FeedPromoCellTableViewCell.swift */ = {isa = PBXFileReference; lastKnownFileType = sourcecode.swift; path = FeedPromoCellTableViewCell.swift; sourceTree = "<group>"; };
		99D871E8234B2773005B9B41 /* FeedPromoCellTableViewCell.xib */ = {isa = PBXFileReference; lastKnownFileType = file.xib; path = FeedPromoCellTableViewCell.xib; sourceTree = "<group>"; };
		99E226F32356E01000BA0390 /* UserCouponTableViewCell.swift */ = {isa = PBXFileReference; lastKnownFileType = sourcecode.swift; path = UserCouponTableViewCell.swift; sourceTree = "<group>"; };
		99E226F42356E01000BA0390 /* UserCouponTableViewCell.xib */ = {isa = PBXFileReference; lastKnownFileType = file.xib; path = UserCouponTableViewCell.xib; sourceTree = "<group>"; };
		99E8DE8023530B7C004DE2B6 /* ProfileController.swift */ = {isa = PBXFileReference; lastKnownFileType = sourcecode.swift; path = ProfileController.swift; sourceTree = "<group>"; };
		99E8DE822353124B004DE2B6 /* UserCouponsController.swift */ = {isa = PBXFileReference; lastKnownFileType = sourcecode.swift; path = UserCouponsController.swift; sourceTree = "<group>"; };
		99E8DE8423542B65004DE2B6 /* User.swift */ = {isa = PBXFileReference; lastKnownFileType = sourcecode.swift; path = User.swift; sourceTree = "<group>"; };
		99E8DE8623542BAC004DE2B6 /* Coupons.swift */ = {isa = PBXFileReference; lastKnownFileType = sourcecode.swift; path = Coupons.swift; sourceTree = "<group>"; };
		99F11EB2236E9B8A005385A4 /* PromotionViewModel.swift */ = {isa = PBXFileReference; lastKnownFileType = sourcecode.swift; path = PromotionViewModel.swift; sourceTree = "<group>"; };
/* End PBXFileReference section */

/* Begin PBXFrameworksBuildPhase section */
		994DBC17233C7740004A24CF /* Frameworks */ = {
			isa = PBXFrameworksBuildPhase;
			buildActionMask = 2147483647;
			files = (
			);
			runOnlyForDeploymentPostprocessing = 0;
		};
/* End PBXFrameworksBuildPhase section */

/* Begin PBXGroup section */
		993B1DFD2366AE2200DDD7AD /* Model */ = {
			isa = PBXGroup;
			children = (
				99E8DE8423542B65004DE2B6 /* User.swift */,
				994DBC31233DA0FA004A24CF /* Page.swift */,
				99E8DE8623542BAC004DE2B6 /* Coupons.swift */,
				993B1DFE2366AE6100DDD7AD /* Promotion.swift */,
				9970B138237B64EA009BD17E /* Restaurant.swift */,
			);
			path = Model;
			sourceTree = "<group>";
		};
		993B1E002366B4B800DDD7AD /* View */ = {
			isa = PBXGroup;
			children = (
				993B1E012366B4C600DDD7AD /* Cells */,
			);
			path = View;
			sourceTree = "<group>";
		};
		993B1E012366B4C600DDD7AD /* Cells */ = {
			isa = PBXGroup;
			children = (
				99D871E8234B2773005B9B41 /* FeedPromoCellTableViewCell.xib */,
				99D871E7234B2773005B9B41 /* FeedPromoCellTableViewCell.swift */,
				99D871DB234AD5F2005B9B41 /* LoginCell.swift */,
				994DBC2F233C8C70004A24CF /* PageCell.swift */,
				99D871E3234B145F005B9B41 /* SignupCell.swift */,
				99D871E1234B1343005B9B41 /* SignupCell.xib */,
				99E226F32356E01000BA0390 /* UserCouponTableViewCell.swift */,
				99E226F42356E01000BA0390 /* UserCouponTableViewCell.xib */,
			);
			path = Cells;
			sourceTree = "<group>";
		};
		993B1E022366B55D00DDD7AD /* Controllers */ = {
			isa = PBXGroup;
			children = (
				99D871DD234AE2BE005B9B41 /* LoginViewController.swift */,
				994DBC1F233C7740004A24CF /* GuideViewController.swift */,
				99E8DE822353124B004DE2B6 /* UserCouponsController.swift */,
				99D871E5234B2627005B9B41 /* FeedController.swift */,
				99E8DE8023530B7C004DE2B6 /* ProfileController.swift */,
				9970B13A237B68F9009BD17E /* PromotionDetailController.swift */,
			);
			path = Controllers;
			sourceTree = "<group>";
		};
		993B1E032366B58800DDD7AD /* Resources */ = {
			isa = PBXGroup;
			children = (
				99D871D7234A91F0005B9B41 /* Extensions.swift */,
				99D871D9234AA900005B9B41 /* Constants.swift */,
			);
			path = Resources;
			sourceTree = "<group>";
		};
		994DBC11233C7740004A24CF = {
			isa = PBXGroup;
			children = (
				994DBC1C233C7740004A24CF /* kupai */,
				994DBC1B233C7740004A24CF /* Products */,
			);
			sourceTree = "<group>";
		};
		994DBC1B233C7740004A24CF /* Products */ = {
			isa = PBXGroup;
			children = (
				994DBC1A233C7740004A24CF /* kupai.app */,
			);
			name = Products;
			sourceTree = "<group>";
		};
		994DBC1C233C7740004A24CF /* kupai */ = {
			isa = PBXGroup;
			children = (
				99F11EB1236E9B3D005385A4 /* ViewModel */,
				993B1E032366B58800DDD7AD /* Resources */,
				993B1E022366B55D00DDD7AD /* Controllers */,
				993B1E002366B4B800DDD7AD /* View */,
				993B1DFD2366AE2200DDD7AD /* Model */,
				994DBC1D233C7740004A24CF /* AppDelegate.swift */,
				994DBC21233C7740004A24CF /* Main.storyboard */,
				994DBC26233C7742004A24CF /* LaunchScreen.storyboard */,
				994DBC29233C7742004A24CF /* Info.plist */,
				99D871DF234B0A19005B9B41 /* Images.xcassets */,
			);
			path = kupai;
			sourceTree = "<group>";
		};
		99F11EB1236E9B3D005385A4 /* ViewModel */ = {
			isa = PBXGroup;
			children = (
				99F11EB2236E9B8A005385A4 /* PromotionViewModel.swift */,
				99CFFC76236FF07B005B31CC /* UserViewModel.swift */,
			);
			path = ViewModel;
			sourceTree = "<group>";
		};
/* End PBXGroup section */

/* Begin PBXNativeTarget section */
		994DBC19233C7740004A24CF /* kupai */ = {
			isa = PBXNativeTarget;
			buildConfigurationList = 994DBC2C233C7742004A24CF /* Build configuration list for PBXNativeTarget "kupai" */;
			buildPhases = (
				994DBC16233C7740004A24CF /* Sources */,
				994DBC17233C7740004A24CF /* Frameworks */,
				994DBC18233C7740004A24CF /* Resources */,
			);
			buildRules = (
			);
			dependencies = (
			);
			name = kupai;
			productName = kupai;
			productReference = 994DBC1A233C7740004A24CF /* kupai.app */;
			productType = "com.apple.product-type.application";
		};
/* End PBXNativeTarget section */

/* Begin PBXProject section */
		994DBC12233C7740004A24CF /* Project object */ = {
			isa = PBXProject;
			attributes = {
				LastSwiftUpdateCheck = 1030;
				LastUpgradeCheck = 1030;
				ORGANIZATIONNAME = "Constanza Madrigal Reyes";
				TargetAttributes = {
					994DBC19233C7740004A24CF = {
						CreatedOnToolsVersion = 10.3;
					};
				};
			};
			buildConfigurationList = 994DBC15233C7740004A24CF /* Build configuration list for PBXProject "kupai" */;
			compatibilityVersion = "Xcode 9.3";
			developmentRegion = en;
			hasScannedForEncodings = 0;
			knownRegions = (
				en,
				Base,
			);
			mainGroup = 994DBC11233C7740004A24CF;
			productRefGroup = 994DBC1B233C7740004A24CF /* Products */;
			projectDirPath = "";
			projectRoot = "";
			targets = (
				994DBC19233C7740004A24CF /* kupai */,
			);
		};
/* End PBXProject section */

/* Begin PBXResourcesBuildPhase section */
		994DBC18233C7740004A24CF /* Resources */ = {
			isa = PBXResourcesBuildPhase;
			buildActionMask = 2147483647;
			files = (
				99D871E0234B0A19005B9B41 /* Images.xcassets in Resources */,
				99D871EA234B2773005B9B41 /* FeedPromoCellTableViewCell.xib in Resources */,
				99D871E2234B1343005B9B41 /* SignupCell.xib in Resources */,
				994DBC28233C7742004A24CF /* LaunchScreen.storyboard in Resources */,
				99E226F62356E01000BA0390 /* UserCouponTableViewCell.xib in Resources */,
				994DBC23233C7740004A24CF /* Main.storyboard in Resources */,
			);
			runOnlyForDeploymentPostprocessing = 0;
		};
/* End PBXResourcesBuildPhase section */

/* Begin PBXSourcesBuildPhase section */
		994DBC16233C7740004A24CF /* Sources */ = {
			isa = PBXSourcesBuildPhase;
			buildActionMask = 2147483647;
			files = (
				9970B139237B64EA009BD17E /* Restaurant.swift in Sources */,
				99D871D8234A91F0005B9B41 /* Extensions.swift in Sources */,
				99CFFC77236FF07B005B31CC /* UserViewModel.swift in Sources */,
				99F11EB3236E9B8A005385A4 /* PromotionViewModel.swift in Sources */,
				99D871E4234B145F005B9B41 /* SignupCell.swift in Sources */,
				99D871DC234AD5F2005B9B41 /* LoginCell.swift in Sources */,
				994DBC20233C7740004A24CF /* GuideViewController.swift in Sources */,
				99E8DE8723542BAC004DE2B6 /* Coupons.swift in Sources */,
				994DBC1E233C7740004A24CF /* AppDelegate.swift in Sources */,
				99D871DE234AE2BE005B9B41 /* LoginViewController.swift in Sources */,
				99E8DE8523542B65004DE2B6 /* User.swift in Sources */,
				99E8DE832353124B004DE2B6 /* UserCouponsController.swift in Sources */,
				994DBC32233DA0FA004A24CF /* Page.swift in Sources */,
				99D871E6234B2627005B9B41 /* FeedController.swift in Sources */,
				994DBC30233C8C70004A24CF /* PageCell.swift in Sources */,
				9970B13B237B68F9009BD17E /* PromotionDetailController.swift in Sources */,
				99D871E9234B2773005B9B41 /* FeedPromoCellTableViewCell.swift in Sources */,
				99E226F52356E01000BA0390 /* UserCouponTableViewCell.swift in Sources */,
				99D871DA234AA900005B9B41 /* Constants.swift in Sources */,
				993B1DFF2366AE6100DDD7AD /* Promotion.swift in Sources */,
				99E8DE8123530B7C004DE2B6 /* ProfileController.swift in Sources */,
			);
			runOnlyForDeploymentPostprocessing = 0;
		};
/* End PBXSourcesBuildPhase section */

/* Begin PBXVariantGroup section */
		994DBC21233C7740004A24CF /* Main.storyboard */ = {
			isa = PBXVariantGroup;
			children = (
				994DBC22233C7740004A24CF /* Base */,
			);
			name = Main.storyboard;
			sourceTree = "<group>";
		};
		994DBC26233C7742004A24CF /* LaunchScreen.storyboard */ = {
			isa = PBXVariantGroup;
			children = (
				994DBC27233C7742004A24CF /* Base */,
			);
			name = LaunchScreen.storyboard;
			sourceTree = "<group>";
		};
/* End PBXVariantGroup section */

/* Begin XCBuildConfiguration section */
		994DBC2A233C7742004A24CF /* Debug */ = {
			isa = XCBuildConfiguration;
			buildSettings = {
				ALWAYS_SEARCH_USER_PATHS = NO;
				CLANG_ANALYZER_NONNULL = YES;
				CLANG_ANALYZER_NUMBER_OBJECT_CONVERSION = YES_AGGRESSIVE;
				CLANG_CXX_LANGUAGE_STANDARD = "gnu++14";
				CLANG_CXX_LIBRARY = "libc++";
				CLANG_ENABLE_MODULES = YES;
				CLANG_ENABLE_OBJC_ARC = YES;
				CLANG_ENABLE_OBJC_WEAK = YES;
				CLANG_WARN_BLOCK_CAPTURE_AUTORELEASING = YES;
				CLANG_WARN_BOOL_CONVERSION = YES;
				CLANG_WARN_COMMA = YES;
				CLANG_WARN_CONSTANT_CONVERSION = YES;
				CLANG_WARN_DEPRECATED_OBJC_IMPLEMENTATIONS = YES;
				CLANG_WARN_DIRECT_OBJC_ISA_USAGE = YES_ERROR;
				CLANG_WARN_DOCUMENTATION_COMMENTS = YES;
				CLANG_WARN_EMPTY_BODY = YES;
				CLANG_WARN_ENUM_CONVERSION = YES;
				CLANG_WARN_INFINITE_RECURSION = YES;
				CLANG_WARN_INT_CONVERSION = YES;
				CLANG_WARN_NON_LITERAL_NULL_CONVERSION = YES;
				CLANG_WARN_OBJC_IMPLICIT_RETAIN_SELF = YES;
				CLANG_WARN_OBJC_LITERAL_CONVERSION = YES;
				CLANG_WARN_OBJC_ROOT_CLASS = YES_ERROR;
				CLANG_WARN_RANGE_LOOP_ANALYSIS = YES;
				CLANG_WARN_STRICT_PROTOTYPES = YES;
				CLANG_WARN_SUSPICIOUS_MOVE = YES;
				CLANG_WARN_UNGUARDED_AVAILABILITY = YES_AGGRESSIVE;
				CLANG_WARN_UNREACHABLE_CODE = YES;
				CLANG_WARN__DUPLICATE_METHOD_MATCH = YES;
				CODE_SIGN_IDENTITY = "iPhone Developer";
				COPY_PHASE_STRIP = NO;
				DEBUG_INFORMATION_FORMAT = dwarf;
				ENABLE_STRICT_OBJC_MSGSEND = YES;
				ENABLE_TESTABILITY = YES;
				GCC_C_LANGUAGE_STANDARD = gnu11;
				GCC_DYNAMIC_NO_PIC = NO;
				GCC_NO_COMMON_BLOCKS = YES;
				GCC_OPTIMIZATION_LEVEL = 0;
				GCC_PREPROCESSOR_DEFINITIONS = (
					"DEBUG=1",
					"$(inherited)",
				);
				GCC_WARN_64_TO_32_BIT_CONVERSION = YES;
				GCC_WARN_ABOUT_RETURN_TYPE = YES_ERROR;
				GCC_WARN_UNDECLARED_SELECTOR = YES;
				GCC_WARN_UNINITIALIZED_AUTOS = YES_AGGRESSIVE;
				GCC_WARN_UNUSED_FUNCTION = YES;
				GCC_WARN_UNUSED_VARIABLE = YES;
				IPHONEOS_DEPLOYMENT_TARGET = 12.4;
				MTL_ENABLE_DEBUG_INFO = INCLUDE_SOURCE;
				MTL_FAST_MATH = YES;
				ONLY_ACTIVE_ARCH = YES;
				SDKROOT = iphoneos;
				SWIFT_ACTIVE_COMPILATION_CONDITIONS = DEBUG;
				SWIFT_OPTIMIZATION_LEVEL = "-Onone";
			};
			name = Debug;
		};
		994DBC2B233C7742004A24CF /* Release */ = {
			isa = XCBuildConfiguration;
			buildSettings = {
				ALWAYS_SEARCH_USER_PATHS = NO;
				CLANG_ANALYZER_NONNULL = YES;
				CLANG_ANALYZER_NUMBER_OBJECT_CONVERSION = YES_AGGRESSIVE;
				CLANG_CXX_LANGUAGE_STANDARD = "gnu++14";
				CLANG_CXX_LIBRARY = "libc++";
				CLANG_ENABLE_MODULES = YES;
				CLANG_ENABLE_OBJC_ARC = YES;
				CLANG_ENABLE_OBJC_WEAK = YES;
				CLANG_WARN_BLOCK_CAPTURE_AUTORELEASING = YES;
				CLANG_WARN_BOOL_CONVERSION = YES;
				CLANG_WARN_COMMA = YES;
				CLANG_WARN_CONSTANT_CONVERSION = YES;
				CLANG_WARN_DEPRECATED_OBJC_IMPLEMENTATIONS = YES;
				CLANG_WARN_DIRECT_OBJC_ISA_USAGE = YES_ERROR;
				CLANG_WARN_DOCUMENTATION_COMMENTS = YES;
				CLANG_WARN_EMPTY_BODY = YES;
				CLANG_WARN_ENUM_CONVERSION = YES;
				CLANG_WARN_INFINITE_RECURSION = YES;
				CLANG_WARN_INT_CONVERSION = YES;
				CLANG_WARN_NON_LITERAL_NULL_CONVERSION = YES;
				CLANG_WARN_OBJC_IMPLICIT_RETAIN_SELF = YES;
				CLANG_WARN_OBJC_LITERAL_CONVERSION = YES;
				CLANG_WARN_OBJC_ROOT_CLASS = YES_ERROR;
				CLANG_WARN_RANGE_LOOP_ANALYSIS = YES;
				CLANG_WARN_STRICT_PROTOTYPES = YES;
				CLANG_WARN_SUSPICIOUS_MOVE = YES;
				CLANG_WARN_UNGUARDED_AVAILABILITY = YES_AGGRESSIVE;
				CLANG_WARN_UNREACHABLE_CODE = YES;
				CLANG_WARN__DUPLICATE_METHOD_MATCH = YES;
				CODE_SIGN_IDENTITY = "iPhone Developer";
				COPY_PHASE_STRIP = NO;
				DEBUG_INFORMATION_FORMAT = "dwarf-with-dsym";
				ENABLE_NS_ASSERTIONS = NO;
				ENABLE_STRICT_OBJC_MSGSEND = YES;
				GCC_C_LANGUAGE_STANDARD = gnu11;
				GCC_NO_COMMON_BLOCKS = YES;
				GCC_WARN_64_TO_32_BIT_CONVERSION = YES;
				GCC_WARN_ABOUT_RETURN_TYPE = YES_ERROR;
				GCC_WARN_UNDECLARED_SELECTOR = YES;
				GCC_WARN_UNINITIALIZED_AUTOS = YES_AGGRESSIVE;
				GCC_WARN_UNUSED_FUNCTION = YES;
				GCC_WARN_UNUSED_VARIABLE = YES;
				IPHONEOS_DEPLOYMENT_TARGET = 12.4;
				MTL_ENABLE_DEBUG_INFO = NO;
				MTL_FAST_MATH = YES;
				SDKROOT = iphoneos;
				SWIFT_COMPILATION_MODE = wholemodule;
				SWIFT_OPTIMIZATION_LEVEL = "-O";
				VALIDATE_PRODUCT = YES;
			};
			name = Release;
		};
		994DBC2D233C7742004A24CF /* Debug */ = {
			isa = XCBuildConfiguration;
			buildSettings = {
				ASSETCATALOG_COMPILER_APPICON_NAME = AppIcon;
				CODE_SIGN_STYLE = Automatic;
				DEVELOPMENT_TEAM = 768VCFK6DD;
				INFOPLIST_FILE = kupai/Info.plist;
				IPHONEOS_DEPLOYMENT_TARGET = 13.0;
				LD_RUNPATH_SEARCH_PATHS = (
					"$(inherited)",
					"@executable_path/Frameworks",
				);
				PRODUCT_BUNDLE_IDENTIFIER = cmr.kupai.kupai;
				PRODUCT_NAME = "$(TARGET_NAME)";
				SWIFT_VERSION = 5.0;
				TARGETED_DEVICE_FAMILY = "1,2";
			};
			name = Debug;
		};
		994DBC2E233C7742004A24CF /* Release */ = {
			isa = XCBuildConfiguration;
			buildSettings = {
				ASSETCATALOG_COMPILER_APPICON_NAME = AppIcon;
				CODE_SIGN_STYLE = Automatic;
				DEVELOPMENT_TEAM = 768VCFK6DD;
				INFOPLIST_FILE = kupai/Info.plist;
				IPHONEOS_DEPLOYMENT_TARGET = 13.0;
				LD_RUNPATH_SEARCH_PATHS = (
					"$(inherited)",
					"@executable_path/Frameworks",
				);
				PRODUCT_BUNDLE_IDENTIFIER = cmr.kupai.kupai;
				PRODUCT_NAME = "$(TARGET_NAME)";
				SWIFT_VERSION = 5.0;
				TARGETED_DEVICE_FAMILY = "1,2";
			};
			name = Release;
		};
/* End XCBuildConfiguration section */

/* Begin XCConfigurationList section */
		994DBC15233C7740004A24CF /* Build configuration list for PBXProject "kupai" */ = {
			isa = XCConfigurationList;
			buildConfigurations = (
				994DBC2A233C7742004A24CF /* Debug */,
				994DBC2B233C7742004A24CF /* Release */,
			);
			defaultConfigurationIsVisible = 0;
			defaultConfigurationName = Release;
		};
		994DBC2C233C7742004A24CF /* Build configuration list for PBXNativeTarget "kupai" */ = {
			isa = XCConfigurationList;
			buildConfigurations = (
				994DBC2D233C7742004A24CF /* Debug */,
				994DBC2E233C7742004A24CF /* Release */,
			);
			defaultConfigurationIsVisible = 0;
			defaultConfigurationName = Release;
		};
/* End XCConfigurationList section */
	};
	rootObject = 994DBC12233C7740004A24CF /* Project object */;
}
